hash: 25aada6a35ec6c2faf37a9a6fc3896168a4dcb483d34a7c9f2ffbc472613c058
updated: 2017-12-03T22:08:23.118640843+07:00
imports:
- name: github.com/dgrijalva/jwt-go
  version: dbeaa9332f19a944acb5736b4456cfcc02140e29
- name: github.com/stretchr/testify
  version: 69483b4bd14f5845b5a1e55bca19e954e827f1d0
  subpackages:
  - assert
- name: github.com/wuriyanto48/go-json-message
  version: c71b1695450a6b7b200678ebaeb32be325bd10dd
  subpackages:
  - response
testImports:
- name: github.com/davecgh/go-spew
  version: 6d212800a42e8ab5c146b8ace3490ee17e5225f9
  subpackages:
  - spew
- name: github.com/pmezard/go-difflib
  version: d8ed2627bdf02c080bf22230dbb337003b7aba2d
  subpackages:
  - difflib
