github.com/davecgh/go-spew v0.0.0-20160907170601-6d212800a42e h1:PuhFC+IBoXcNHhkaUTRc+kNN0MtTMPFoWWBXyNMw7ww=
github.com/davecgh/go-spew v0.0.0-20160907170601-6d212800a42e/go.mod h1:J7Y8YcW2NihsgmVo/mv3lAwl/skON4iLHjSsI+c5H38=
github.com/denisenkom/go-mssqldb v0.0.0-20170728030519-84dc5e6cc4a6 h1:eOSH9zQjVF2pmVWwQHsyDylKnuSYsh/uIwRMnmtEiYE=
github.com/denisenkom/go-mssqldb v0.0.0-20170728030519-84dc5e6cc4a6/go.mod h1:xN/JuLBIz4bjkxNmByTiV1IbhfnYb6oo99phBn4Eqhc=
github.com/dgrijalva/jwt-go v3.1.0+incompatible h1:FFziAwDQQ2dz1XClWMkwvukur3evtZx7x/wMHKM1i20=
github.com/dgrijalva/jwt-go v3.1.0+incompatible/go.mod h1:E3ru+11k8xSBh+hMPgOLZmtrrCbhqsmaPHjLKYnJCaQ=
github.com/go-redis/redis v6.7.4+incompatible h1:Ao+SIRwqGjA7nHRbCr+ewmbYrrH6OZp2LCTwneJ8cNc=
github.com/go-redis/redis v6.7.4+incompatible/go.mod h1:NAIEuMOZ/fxfXJIrKDQDz8wamY7mA7PouImQ2Jvg6kA=
github.com/lib/pq v0.0.0-20170603225454-8837942c3e09 h1:Du8GbB9tRExpAtRRdKUY3+1Kjj8Xh86GwBAppQ6DyD0=
github.com/lib/pq v0.0.0-20170603225454-8837942c3e09/go.mod h1:5WUZQaWbwv1U+lTReE5YruASi9Al49XbQIvNi/34Woo=
github.com/pmezard/go-difflib v0.0.0-20151028094244-d8ed2627bdf0 h1:GD+A8+e+wFkqje55/2fOVnZPkoDIu1VooBWfNrnY8Uo=
github.com/pmezard/go-difflib v0.0.0-20151028094244-d8ed2627bdf0/go.mod h1:iKH77koFhYxTK1pcRnkKkqfTogsbg7gZNVY4sRDYZ/4=
github.com/stretchr/objx v0.0.0-20140526180921-cbeaeb16a013 h1:lg5xphrNMF4T2GfLhtXOhFrTn5ZmPRUOWXvCLOattFY=
github.com/stretchr/objx v0.0.0-20140526180921-cbeaeb16a013/go.mod h1:HFkY916IF+rwdDfMAkV7OtwuqBVzrE8GR6GFx+wExME=
github.com/stretchr/testify v1.1.4 h1:ToftOQTytwshuOSj6bDSolVUa3GINfJP/fg3OkkOzQQ=
github.com/stretchr/testify v1.1.4/go.mod h1:a8OnRcib4nhh0OaRAV+Yts87kKdq0PP7pXfy6kDkUVs=
golang.org/x/crypto v0.0.0-20170606163016-e7ba82683099 h1:I4qkV9tPncVkQYMfrPH2Puyw2/JzngpFdj4yRu95AgM=
golang.org/x/crypto v0.0.0-20170606163016-e7ba82683099/go.mod h1:6SG95UA2DQfeDnfUPMdvaQW0Q7yPrPDi9nlGo2tz2b4=
golang.org/x/net v0.0.0-20170610001149-1a68b1313cf4 h1:ie586HeTAq0YSmrDnDy1x+7FuSFErSEo0+fISgvTVxM=
golang.org/x/net v0.0.0-20170610001149-1a68b1313cf4/go.mod h1:mL1N/T3taQHkDXs73rZJwtUhF3w3ftmwwsq0BUmARs4=
